
Microsoft Visual Studio Solution File, Format Version 12.00
# Visual Studio Version 17
VisualStudioVersion = 17.11.35208.52
MinimumVisualStudioVersion = 10.0.40219.1
Project("{FAE04EC0-301F-11D3-BF4B-00C04F79EFBC}") = "Game2", "Game2.csproj", "{E23DB047-E69D-494B-B6FA-6B76D782841B}"
EndProject
Global
	GlobalSection(SolutionConfigurationPlatforms) = preSolution
		Debug|Any CPU = Debug|Any CPU
		Release|Any CPU = Release|Any CPU
	EndGlobalSection
	GlobalSection(ProjectConfigurationPlatforms) = postSolution
		{E23DB047-E69D-494B-B6FA-6B76D782841B}.Debug|Any CPU.ActiveCfg = Debug|Any CPU
		{E23DB047-E69D-494B-B6FA-6B76D782841B}.Debug|Any CPU.Build.0 = Debug|Any CPU
		{E23DB047-E69D-494B-B6FA-6B76D782841B}.Release|Any CPU.ActiveCfg = Release|Any CPU
		{E23DB047-E69D-494B-B6FA-6B76D782841B}.Release|Any CPU.Build.0 = Release|Any CPU
	EndGlobalSection
	GlobalSection(SolutionProperties) = preSolution
		HideSolutionNode = FALSE
	EndGlobalSection
	GlobalSection(ExtensibilityGlobals) = postSolution
		SolutionGuid = {A05C40E0-CBA0-4D7E-BE31-0A61CE75F96E}
	EndGlobalSection
EndGlobal
